<?xml version="1.0" encoding="utf-8"?>
<Project ToolsVersion="4.0" xmlns="http://schemas.microsoft.com/developer/msbuild/2003">
  <ItemGroup>
    <Filter Include="Source Files">
      <UniqueIdentifier>{78C234FB-E091-4cee-B371-1405FECC39AC}</UniqueIdentifier>
      <Extensions>cpp;c;cc;cxx;def;odl;idl;hpj;bat;asm;asmx</Extensions>
    </Filter>
    <Filter Include="Header Files">
      <UniqueIdentifier>{DB4C7CE4-5D23-475e-B2DC-69648E645AF1}</UniqueIdentifier>
      <Extensions>h;hpp;hxx;hm;inl;inc;xsd</Extensions>
    </Filter>
    <Filter Include="Resource Files">
      <UniqueIdentifier>{24113F88-01E6-44a3-BB6E-35C1DA9DC4D1}</UniqueIdentifier>
      <Extensions>rc;ico;cur;bmp;dlg;rc2;rct;bin;rgs;gif;jpg;jpeg;jpe;resx;tiff;tif;png;wav</Extensions>
    </Filter>
  </ItemGroup>
  <ItemGroup>
    <ClCompile Include="..\src\szMexUtility.cpp">
      <Filter>Source Files</Filter>
    </ClCompile>
    <ClCompile Include="..\src\szMiscOperations.cpp">
      <Filter>Source Files</Filter>
    </ClCompile>
    <ClCompile Include="..\src\szMyNeighborOp.cpp">
      <Filter>Source Files</Filter>
    </ClCompile>
    <ClCompile Include="..\src\Triangulation.cpp">
      <Filter>Source Files</Filter>
    </ClCompile>
    <ClCompile Include="..\src\TriangulateBourke.cpp">
      <Filter>Source Files</Filter>
    </ClCompile>
    <ClCompile Include="..\src\TriangulationHelper.cpp">
      <Filter>Source Files</Filter>
    </ClCompile>
    <ClCompile Include="RelativeNeighborhood.cpp">
      <Filter>Source Files</Filter>
    </ClCompile>
  </ItemGroup>
  <ItemGroup>
    <ClInclude Include="..\include\mexFileIO.h">
      <Filter>Header Files</Filter>
    </ClInclude>
    <ClInclude Include="..\include\szMexUtility.h">
      <Filter>Header Files</Filter>
    </ClInclude>
    <ClInclude Include="..\include\szmexutilitytemplate.h">
      <Filter>Header Files</Filter>
    </ClInclude>
    <ClInclude Include="..\include\szMiscOperations.h">
      <Filter>Header Files</Filter>
    </ClInclude>
    <ClInclude Include="..\include\szMyNeighborOp.h">
      <Filter>Header Files</Filter>
    </ClInclude>
    <ClInclude Include="..\include\Triangulation.h">
      <Filter>Header Files</Filter>
    </ClInclude>
    <ClInclude Include="..\include\szParticleF.h">
      <Filter>Header Files</Filter>
    </ClInclude>
    <ClInclude Include="..\include\TriangulateBourke.h">
      <Filter>Header Files</Filter>
    </ClInclude>
    <ClInclude Include="..\include\TriangulationHelper.h">
      <Filter>Header Files</Filter>
    </ClInclude>
    <ClInclude Include="..\include\DotGroupUtility.h">
      <Filter>Header Files</Filter>
    </ClInclude>
  </ItemGroup>
</Project>