<?xml version="1.0" encoding="utf-8"?>
<Project ToolsVersion="4.0" xmlns="http://schemas.microsoft.com/developer/msbuild/2003">
  <ItemGroup>
    <Filter Include="Source Files">
      <UniqueIdentifier>{C81C172E-1903-41a0-910A-95114CAC18F8}</UniqueIdentifier>
      <Extensions>cpp;c;cc;cxx;def;odl;idl;hpj;bat;asm;asmx</Extensions>
    </Filter>
    <Filter Include="Header Files">
      <UniqueIdentifier>{6F4098C2-ABE0-4c2b-B5A9-B76C9EAB4AC3}</UniqueIdentifier>
      <Extensions>h;hpp;hxx;hm;inl;inc;xsd</Extensions>
    </Filter>
    <Filter Include="Resource Files">
      <UniqueIdentifier>{6473E48F-7955-4195-BD7C-F0AF82185B6E}</UniqueIdentifier>
      <Extensions>rc;ico;cur;bmp;dlg;rc2;rct;bin;rgs;gif;jpg;jpeg;jpe;resx;tiff;tif;png;wav</Extensions>
    </Filter>
  </ItemGroup>
  <ItemGroup>
    <ClCompile Include="..\src\szContour.cpp">
      <Filter>Source Files</Filter>
    </ClCompile>
    <ClCompile Include="..\src\szMexUtility.cpp">
      <Filter>Source Files</Filter>
    </ClCompile>
    <ClCompile Include="..\src\szMiscOperations.cpp">
      <Filter>Source Files</Filter>
    </ClCompile>
    <ClCompile Include="..\src\szMyNeighborOp.cpp">
      <Filter>Source Files</Filter>
    </ClCompile>
    <ClCompile Include="PolygonPrep.cpp">
      <Filter>Source Files</Filter>
    </ClCompile>
  </ItemGroup>
  <ItemGroup>
    <ClInclude Include="..\include\mexFileIO.h">
      <Filter>Header Files</Filter>
    </ClInclude>
    <ClInclude Include="..\include\szContour.h">
      <Filter>Header Files</Filter>
    </ClInclude>
    <ClInclude Include="..\include\szMexUtility.h">
      <Filter>Header Files</Filter>
    </ClInclude>
    <ClInclude Include="..\include\szmexutilitytemplate.h">
      <Filter>Header Files</Filter>
    </ClInclude>
    <ClInclude Include="..\include\szMiscOperations.h">
      <Filter>Header Files</Filter>
    </ClInclude>
    <ClInclude Include="..\include\szMyNeighborOp.h">
      <Filter>Header Files</Filter>
    </ClInclude>
  </ItemGroup>
</Project>